
Microsoft Visual Studio Solution File, Format Version 12.00
# Visual Studio 15
VisualStudioVersion = 15.0.27130.2010
MinimumVisualStudioVersion = 10.0.40219.1
Project("{FAE04EC0-301F-11D3-BF4B-00C04F79EFBC}") = "eventyidelegaty", "eventyidelegaty\eventyidelegaty.csproj", "{80481AF9-D4EE-421E-9549-5552E59CCA9E}"
EndProject
Global
	GlobalSection(SolutionConfigurationPlatforms) = preSolution
		Debug|Any CPU = Debug|Any CPU
		Release|Any CPU = Release|Any CPU
	EndGlobalSection
	GlobalSection(ProjectConfigurationPlatforms) = postSolution
		{80481AF9-D4EE-421E-9549-5552E59CCA9E}.Debug|Any CPU.ActiveCfg = Debug|Any CPU
		{80481AF9-D4EE-421E-9549-5552E59CCA9E}.Debug|Any CPU.Build.0 = Debug|Any CPU
		{80481AF9-D4EE-421E-9549-5552E59CCA9E}.Release|Any CPU.ActiveCfg = Release|Any CPU
		{80481AF9-D4EE-421E-9549-5552E59CCA9E}.Release|Any CPU.Build.0 = Release|Any CPU
	EndGlobalSection
	GlobalSection(SolutionProperties) = preSolution
		HideSolutionNode = FALSE
	EndGlobalSection
	GlobalSection(ExtensibilityGlobals) = postSolution
		SolutionGuid = {5E6F8767-7FB6-4266-AC8B-038A6BDE384B}
	EndGlobalSection
EndGlobal
