
Microsoft Visual Studio Solution File, Format Version 12.00
# Visual Studio 15
VisualStudioVersion = 15.0.27004.2008
MinimumVisualStudioVersion = 10.0.40219.1
Project("{FAE04EC0-301F-11D3-BF4B-00C04F79EFBC}") = "Notatnik", "Notatnik\Notatnik.csproj", "{B1828EAA-B8B4-4B89-BA97-9BFF5B45FBBB}"
EndProject
Global
	GlobalSection(SolutionConfigurationPlatforms) = preSolution
		Debug|Any CPU = Debug|Any CPU
		Release|Any CPU = Release|Any CPU
	EndGlobalSection
	GlobalSection(ProjectConfigurationPlatforms) = postSolution
		{B1828EAA-B8B4-4B89-BA97-9BFF5B45FBBB}.Debug|Any CPU.ActiveCfg = Debug|Any CPU
		{B1828EAA-B8B4-4B89-BA97-9BFF5B45FBBB}.Debug|Any CPU.Build.0 = Debug|Any CPU
		{B1828EAA-B8B4-4B89-BA97-9BFF5B45FBBB}.Release|Any CPU.ActiveCfg = Release|Any CPU
		{B1828EAA-B8B4-4B89-BA97-9BFF5B45FBBB}.Release|Any CPU.Build.0 = Release|Any CPU
	EndGlobalSection
	GlobalSection(SolutionProperties) = preSolution
		HideSolutionNode = FALSE
	EndGlobalSection
	GlobalSection(ExtensibilityGlobals) = postSolution
		SolutionGuid = {1FB00FFC-A25E-4AC3-A863-3BC5338A243D}
	EndGlobalSection
EndGlobal
